
Microsoft Visual Studio Solution File, Format Version 12.00
# Visual Studio 15
VisualStudioVersion = 15.0.28307.271
MinimumVisualStudioVersion = 10.0.40219.1
Project("{FAE04EC0-301F-11D3-BF4B-00C04F79EFBC}") = "AspNetMVCAntiForgeryTokenSample1", "AspNetMVCAntiForgeryTokenSample1\AspNetMVCAntiForgeryTokenSample1.csproj", "{8002FEFC-4E39-48B8-B292-128DAD601F74}"
EndProject
Global
	GlobalSection(SolutionConfigurationPlatforms) = preSolution
		Debug|Any CPU = Debug|Any CPU
		Release|Any CPU = Release|Any CPU
	EndGlobalSection
	GlobalSection(ProjectConfigurationPlatforms) = postSolution
		{8002FEFC-4E39-48B8-B292-128DAD601F74}.Debug|Any CPU.ActiveCfg = Debug|Any CPU
		{8002FEFC-4E39-48B8-B292-128DAD601F74}.Debug|Any CPU.Build.0 = Debug|Any CPU
		{8002FEFC-4E39-48B8-B292-128DAD601F74}.Release|Any CPU.ActiveCfg = Release|Any CPU
		{8002FEFC-4E39-48B8-B292-128DAD601F74}.Release|Any CPU.Build.0 = Release|Any CPU
	EndGlobalSection
	GlobalSection(SolutionProperties) = preSolution
		HideSolutionNode = FALSE
	EndGlobalSection
	GlobalSection(ExtensibilityGlobals) = postSolution
		SolutionGuid = {C315C8D4-9383-4EBB-88D2-8EF99639AF32}
	EndGlobalSection
EndGlobal
